
Microsoft Visual Studio Solution File, Format Version 12.00
# Visual Studio 15
VisualStudioVersion = 15.0.27130.2010
MinimumVisualStudioVersion = 10.0.40219.1
Project("{FAE04EC0-301F-11D3-BF4B-00C04F79EFBC}") = "Tree_search_without_recursion", "Tree_search_without_recursion\Tree_search_without_recursion.csproj", "{EE905476-2457-4216-A137-4AA7C600C99F}"
EndProject
Global
	GlobalSection(SolutionConfigurationPlatforms) = preSolution
		Debug|Any CPU = Debug|Any CPU
		Release|Any CPU = Release|Any CPU
	EndGlobalSection
	GlobalSection(ProjectConfigurationPlatforms) = postSolution
		{EE905476-2457-4216-A137-4AA7C600C99F}.Debug|Any CPU.ActiveCfg = Debug|Any CPU
		{EE905476-2457-4216-A137-4AA7C600C99F}.Debug|Any CPU.Build.0 = Debug|Any CPU
		{EE905476-2457-4216-A137-4AA7C600C99F}.Release|Any CPU.ActiveCfg = Release|Any CPU
		{EE905476-2457-4216-A137-4AA7C600C99F}.Release|Any CPU.Build.0 = Release|Any CPU
	EndGlobalSection
	GlobalSection(SolutionProperties) = preSolution
		HideSolutionNode = FALSE
	EndGlobalSection
	GlobalSection(ExtensibilityGlobals) = postSolution
		SolutionGuid = {AD0A7261-293D-4794-BC4B-C08D51CA4A2E}
	EndGlobalSection
EndGlobal
